
Microsoft Visual Studio Solution File, Format Version 12.00
# Visual Studio Version 17
VisualStudioVersion = 17.7.34003.232
MinimumVisualStudioVersion = 10.0.40219.1
Project("{FAE04EC0-301F-11D3-BF4B-00C04F79EFBC}") = "JustTheJobConsole", "JustTheJobConsole\JustTheJobConsole.csproj", "{5CA51683-B245-4154-A012-CAA3DBD49CF1}"
EndProject
Global
	GlobalSection(SolutionConfigurationPlatforms) = preSolution
		Debug|Any CPU = Debug|Any CPU
		Release|Any CPU = Release|Any CPU
	EndGlobalSection
	GlobalSection(ProjectConfigurationPlatforms) = postSolution
		{5CA51683-B245-4154-A012-CAA3DBD49CF1}.Debug|Any CPU.ActiveCfg = Debug|Any CPU
		{5CA51683-B245-4154-A012-CAA3DBD49CF1}.Debug|Any CPU.Build.0 = Debug|Any CPU
		{5CA51683-B245-4154-A012-CAA3DBD49CF1}.Release|Any CPU.ActiveCfg = Release|Any CPU
		{5CA51683-B245-4154-A012-CAA3DBD49CF1}.Release|Any CPU.Build.0 = Release|Any CPU
	EndGlobalSection
	GlobalSection(SolutionProperties) = preSolution
		HideSolutionNode = FALSE
	EndGlobalSection
	GlobalSection(ExtensibilityGlobals) = postSolution
		SolutionGuid = {CE03A073-7B41-4441-AED2-280E60FF9774}
	EndGlobalSection
EndGlobal
